
Microsoft Visual Studio Solution File, Format Version 12.00
# Visual Studio Version 16
VisualStudioVersion = 25.0.1705.7
MinimumVisualStudioVersion = 10.0.40219.1
Project("{FAE04EC0-301F-11D3-BF4B-00C04F79EFBC}") = "Proxy", "Proxy.csproj", "{484464AB-3B73-49D7-AEE0-2E14CD433393}"
EndProject
Global
	GlobalSection(SolutionConfigurationPlatforms) = preSolution
		Debug|Any CPU = Debug|Any CPU
		Release|Any CPU = Release|Any CPU
	EndGlobalSection
	GlobalSection(ProjectConfigurationPlatforms) = postSolution
		{484464AB-3B73-49D7-AEE0-2E14CD433393}.Debug|Any CPU.ActiveCfg = Debug|Any CPU
		{484464AB-3B73-49D7-AEE0-2E14CD433393}.Debug|Any CPU.Build.0 = Debug|Any CPU
		{484464AB-3B73-49D7-AEE0-2E14CD433393}.Release|Any CPU.ActiveCfg = Release|Any CPU
		{484464AB-3B73-49D7-AEE0-2E14CD433393}.Release|Any CPU.Build.0 = Release|Any CPU
	EndGlobalSection
	GlobalSection(SolutionProperties) = preSolution
		HideSolutionNode = FALSE
	EndGlobalSection
	GlobalSection(ExtensibilityGlobals) = postSolution
		SolutionGuid = {A5AEAA87-E48E-428E-9546-1F71F921F82E}
	EndGlobalSection
EndGlobal
