
Microsoft Visual Studio Solution File, Format Version 12.00
# Visual Studio Version 16
VisualStudioVersion = 25.0.1705.7
MinimumVisualStudioVersion = 10.0.40219.1
Project("{FAE04EC0-301F-11D3-BF4B-00C04F79EFBC}") = "Singleton", "Singleton.csproj", "{24B0145B-F3B2-4ACE-BE7A-D2D5B6E71026}"
EndProject
Global
	GlobalSection(SolutionConfigurationPlatforms) = preSolution
		Debug|Any CPU = Debug|Any CPU
		Release|Any CPU = Release|Any CPU
	EndGlobalSection
	GlobalSection(ProjectConfigurationPlatforms) = postSolution
		{24B0145B-F3B2-4ACE-BE7A-D2D5B6E71026}.Debug|Any CPU.ActiveCfg = Debug|Any CPU
		{24B0145B-F3B2-4ACE-BE7A-D2D5B6E71026}.Debug|Any CPU.Build.0 = Debug|Any CPU
		{24B0145B-F3B2-4ACE-BE7A-D2D5B6E71026}.Release|Any CPU.ActiveCfg = Release|Any CPU
		{24B0145B-F3B2-4ACE-BE7A-D2D5B6E71026}.Release|Any CPU.Build.0 = Release|Any CPU
	EndGlobalSection
	GlobalSection(SolutionProperties) = preSolution
		HideSolutionNode = FALSE
	EndGlobalSection
	GlobalSection(ExtensibilityGlobals) = postSolution
		SolutionGuid = {8FA81126-A227-4740-92DA-5398C8054E4C}
	EndGlobalSection
EndGlobal
